
Microsoft Visual Studio Solution File, Format Version 12.00
# Visual Studio Version 16
VisualStudioVersion = 16.0.31019.35
MinimumVisualStudioVersion = 10.0.40219.1
Project("{9A19103F-16F7-4668-BE54-9A1E7A4F7556}") = "Entities", "Entities\Entities.csproj", "{966CF839-44FC-4999-AE87-5E7F8F0E5FB9}"
EndProject
Project("{9A19103F-16F7-4668-BE54-9A1E7A4F7556}") = "DataAccess", "DataAccess\DataAccess.csproj", "{02A3A853-866B-4940-BFBA-EAEBD12A58F8}"
EndProject
Project("{9A19103F-16F7-4668-BE54-9A1E7A4F7556}") = "Business", "Business\Business.csproj", "{2442C92E-EE91-485C-A71A-924383245CC1}"
EndProject
Project("{9A19103F-16F7-4668-BE54-9A1E7A4F7556}") = "ConsoleApp1", "ConsoleApp1\ConsoleApp1.csproj", "{0D2E827A-CB14-4199-9D2D-75892EA86387}"
EndProject
Project("{9A19103F-16F7-4668-BE54-9A1E7A4F7556}") = "Core", "Core\Core.csproj", "{DBA40E90-1629-4C4D-9FD2-7190FCDD6030}"
EndProject
Project("{FAE04EC0-301F-11D3-BF4B-00C04F79EFBC}") = "WebAPI", "WebAPI\WebAPI.csproj", "{AB3B71C7-61E1-42AF-A2DF-7CE6F51018D4}"
EndProject
Global
	GlobalSection(SolutionConfigurationPlatforms) = preSolution
		Debug|Any CPU = Debug|Any CPU
		Release|Any CPU = Release|Any CPU
	EndGlobalSection
	GlobalSection(ProjectConfigurationPlatforms) = postSolution
		{966CF839-44FC-4999-AE87-5E7F8F0E5FB9}.Debug|Any CPU.ActiveCfg = Debug|Any CPU
		{966CF839-44FC-4999-AE87-5E7F8F0E5FB9}.Debug|Any CPU.Build.0 = Debug|Any CPU
		{966CF839-44FC-4999-AE87-5E7F8F0E5FB9}.Release|Any CPU.ActiveCfg = Release|Any CPU
		{966CF839-44FC-4999-AE87-5E7F8F0E5FB9}.Release|Any CPU.Build.0 = Release|Any CPU
		{02A3A853-866B-4940-BFBA-EAEBD12A58F8}.Debug|Any CPU.ActiveCfg = Debug|Any CPU
		{02A3A853-866B-4940-BFBA-EAEBD12A58F8}.Debug|Any CPU.Build.0 = Debug|Any CPU
		{02A3A853-866B-4940-BFBA-EAEBD12A58F8}.Release|Any CPU.ActiveCfg = Release|Any CPU
		{02A3A853-866B-4940-BFBA-EAEBD12A58F8}.Release|Any CPU.Build.0 = Release|Any CPU
		{2442C92E-EE91-485C-A71A-924383245CC1}.Debug|Any CPU.ActiveCfg = Debug|Any CPU
		{2442C92E-EE91-485C-A71A-924383245CC1}.Debug|Any CPU.Build.0 = Debug|Any CPU
		{2442C92E-EE91-485C-A71A-924383245CC1}.Release|Any CPU.ActiveCfg = Release|Any CPU
		{2442C92E-EE91-485C-A71A-924383245CC1}.Release|Any CPU.Build.0 = Release|Any CPU
		{0D2E827A-CB14-4199-9D2D-75892EA86387}.Debug|Any CPU.ActiveCfg = Debug|Any CPU
		{0D2E827A-CB14-4199-9D2D-75892EA86387}.Debug|Any CPU.Build.0 = Debug|Any CPU
		{0D2E827A-CB14-4199-9D2D-75892EA86387}.Release|Any CPU.ActiveCfg = Release|Any CPU
		{0D2E827A-CB14-4199-9D2D-75892EA86387}.Release|Any CPU.Build.0 = Release|Any CPU
		{DBA40E90-1629-4C4D-9FD2-7190FCDD6030}.Debug|Any CPU.ActiveCfg = Debug|Any CPU
		{DBA40E90-1629-4C4D-9FD2-7190FCDD6030}.Debug|Any CPU.Build.0 = Debug|Any CPU
		{DBA40E90-1629-4C4D-9FD2-7190FCDD6030}.Release|Any CPU.ActiveCfg = Release|Any CPU
		{DBA40E90-1629-4C4D-9FD2-7190FCDD6030}.Release|Any CPU.Build.0 = Release|Any CPU
		{AB3B71C7-61E1-42AF-A2DF-7CE6F51018D4}.Debug|Any CPU.ActiveCfg = Debug|Any CPU
		{AB3B71C7-61E1-42AF-A2DF-7CE6F51018D4}.Debug|Any CPU.Build.0 = Debug|Any CPU
		{AB3B71C7-61E1-42AF-A2DF-7CE6F51018D4}.Release|Any CPU.ActiveCfg = Release|Any CPU
		{AB3B71C7-61E1-42AF-A2DF-7CE6F51018D4}.Release|Any CPU.Build.0 = Release|Any CPU
	EndGlobalSection
	GlobalSection(SolutionProperties) = preSolution
		HideSolutionNode = FALSE
	EndGlobalSection
	GlobalSection(ExtensibilityGlobals) = postSolution
		SolutionGuid = {7A528910-ADCF-42B2-B0BD-E666D19345A1}
	EndGlobalSection
EndGlobal
